{
  "name": "dcl-project",
  "version": "1.0.0",
  "lockfileVersion": 1,
  "requires": true,
  "dependencies": {
    "commander": {
      "version": "2.20.3",
      "resolved": "https://registry.npm.taobao.org/commander/download/commander-2.20.3.tgz?cache=0&sync_timestamp=1587781596778&other_urls=https%3A%2F%2Fregistry.npm.taobao.org%2Fcommander%2Fdownload%2Fcommander-2.20.3.tgz",
      "integrity": "sha1-/UhehMA+tIgcIHIrpIA16FMa6zM=",
      "dev": true
    },
    "decentraland-ecs": {
      "version": "6.4.8",
      "resolved": "https://registry.npm.taobao.org/decentraland-ecs/download/decentraland-ecs-6.4.8.tgz",
      "integrity": "sha1-Mi5JrTprZ34LrsK6BMd4iwPzPQI=",
      "dev": true,
      "requires": {
        "typescript": "^3.8.3",
        "uglify-js": "^3.5.2"
      }
    },
    "typescript": {
      "version": "3.9.3",
      "resolved": "https://registry.npm.taobao.org/typescript/download/typescript-3.9.3.tgz?cache=0&sync_timestamp=1590909987425&other_urls=https%3A%2F%2Fregistry.npm.taobao.org%2Ftypescript%2Fdownload%2Ftypescript-3.9.3.tgz",
      "integrity": "sha1-06yIg6l8JhOeQt9ek+7s4z1hC4o=",
      "dev": true
    },
    "uglify-js": {
      "version": "3.9.4",
      "resolved": "https://registry.npm.taobao.org/uglify-js/download/uglify-js-3.9.4.tgz",
      "integrity": "sha1-hnQCN34EPB/HsQIlOiK2TlhiQBs=",
      "dev": true,
      "requires": {
        "commander": "~2.20.3"
      }
    }
  }
}
